
Microsoft Visual Studio Solution File, Format Version 12.00
# Visual Studio 15
VisualStudioVersion = 15.0.27428.2037
MinimumVisualStudioVersion = 10.0.40219.1
Project("{9A19103F-16F7-4668-BE54-9A1E7A4F7556}") = "MonitorARM", "src\MonitorARM.csproj", "{2191ED5C-4CB5-4B7D-87E6-6999EEDA16B6}"
EndProject
Project("{9A19103F-16F7-4668-BE54-9A1E7A4F7556}") = "MonitorARM.AppVeyor", "AppVeyor\MonitorARM.AppVeyor.csproj", "{B4A9958E-93CD-4136-B32B-DCC36063C6DE}"
EndProject
Project("{9A19103F-16F7-4668-BE54-9A1E7A4F7556}") = "Monitor.ARM.Test", "Monitor.ARM.Test\Monitor.ARM.Test.csproj", "{4BD116B1-1238-4D1C-85F1-EEC48F7684B0}"
EndProject
Project("{FAE04EC0-301F-11D3-BF4B-00C04F79EFBC}") = "MonitorARM.RabbitMQ", "MonitorARM.RabbitMQ\MonitorARM.RabbitMQ.csproj", "{7C777B0B-5ADA-4D8A-8091-64B781792E12}"
EndProject
Project("{FAE04EC0-301F-11D3-BF4B-00C04F79EFBC}") = "MonitorARM.Model", "MonitorARM.Model\MonitorARM.Model.csproj", "{696297D4-7EB0-4212-B803-014C2875DB41}"
EndProject
Project("{FAE04EC0-301F-11D3-BF4B-00C04F79EFBC}") = "MonitorARM.IBMWatson", "MonitorARM.IBMWatson\MonitorARM.IBMWatson.csproj", "{FCA15ADA-8142-4022-9200-FFEA2F08DB2C}"
EndProject
Project("{FAE04EC0-301F-11D3-BF4B-00C04F79EFBC}") = "MonitorARM.Utils", "MonitorARM.Utils\MonitorARM.Utils.csproj", "{FE551D50-4C5C-498D-BC30-EC7E9BD266B0}"
EndProject
Global
	GlobalSection(SolutionConfigurationPlatforms) = preSolution
		Debug|Any CPU = Debug|Any CPU
		Release|Any CPU = Release|Any CPU
	EndGlobalSection
	GlobalSection(ProjectConfigurationPlatforms) = postSolution
		{2191ED5C-4CB5-4B7D-87E6-6999EEDA16B6}.Debug|Any CPU.ActiveCfg = Debug|Any CPU
		{2191ED5C-4CB5-4B7D-87E6-6999EEDA16B6}.Debug|Any CPU.Build.0 = Debug|Any CPU
		{2191ED5C-4CB5-4B7D-87E6-6999EEDA16B6}.Release|Any CPU.ActiveCfg = Release|Any CPU
		{2191ED5C-4CB5-4B7D-87E6-6999EEDA16B6}.Release|Any CPU.Build.0 = Release|Any CPU
		{B4A9958E-93CD-4136-B32B-DCC36063C6DE}.Debug|Any CPU.ActiveCfg = Debug|Any CPU
		{B4A9958E-93CD-4136-B32B-DCC36063C6DE}.Debug|Any CPU.Build.0 = Debug|Any CPU
		{B4A9958E-93CD-4136-B32B-DCC36063C6DE}.Release|Any CPU.ActiveCfg = Release|Any CPU
		{B4A9958E-93CD-4136-B32B-DCC36063C6DE}.Release|Any CPU.Build.0 = Release|Any CPU
		{4BD116B1-1238-4D1C-85F1-EEC48F7684B0}.Debug|Any CPU.ActiveCfg = Debug|Any CPU
		{4BD116B1-1238-4D1C-85F1-EEC48F7684B0}.Debug|Any CPU.Build.0 = Debug|Any CPU
		{4BD116B1-1238-4D1C-85F1-EEC48F7684B0}.Release|Any CPU.ActiveCfg = Release|Any CPU
		{4BD116B1-1238-4D1C-85F1-EEC48F7684B0}.Release|Any CPU.Build.0 = Release|Any CPU
		{7C777B0B-5ADA-4D8A-8091-64B781792E12}.Debug|Any CPU.ActiveCfg = Debug|Any CPU
		{7C777B0B-5ADA-4D8A-8091-64B781792E12}.Debug|Any CPU.Build.0 = Debug|Any CPU
		{7C777B0B-5ADA-4D8A-8091-64B781792E12}.Release|Any CPU.ActiveCfg = Release|Any CPU
		{7C777B0B-5ADA-4D8A-8091-64B781792E12}.Release|Any CPU.Build.0 = Release|Any CPU
		{696297D4-7EB0-4212-B803-014C2875DB41}.Debug|Any CPU.ActiveCfg = Debug|Any CPU
		{696297D4-7EB0-4212-B803-014C2875DB41}.Debug|Any CPU.Build.0 = Debug|Any CPU
		{696297D4-7EB0-4212-B803-014C2875DB41}.Release|Any CPU.ActiveCfg = Release|Any CPU
		{696297D4-7EB0-4212-B803-014C2875DB41}.Release|Any CPU.Build.0 = Release|Any CPU
		{FCA15ADA-8142-4022-9200-FFEA2F08DB2C}.Debug|Any CPU.ActiveCfg = Debug|Any CPU
		{FCA15ADA-8142-4022-9200-FFEA2F08DB2C}.Debug|Any CPU.Build.0 = Debug|Any CPU
		{FCA15ADA-8142-4022-9200-FFEA2F08DB2C}.Release|Any CPU.ActiveCfg = Release|Any CPU
		{FCA15ADA-8142-4022-9200-FFEA2F08DB2C}.Release|Any CPU.Build.0 = Release|Any CPU
		{FE551D50-4C5C-498D-BC30-EC7E9BD266B0}.Debug|Any CPU.ActiveCfg = Debug|Any CPU
		{FE551D50-4C5C-498D-BC30-EC7E9BD266B0}.Debug|Any CPU.Build.0 = Debug|Any CPU
		{FE551D50-4C5C-498D-BC30-EC7E9BD266B0}.Release|Any CPU.ActiveCfg = Release|Any CPU
		{FE551D50-4C5C-498D-BC30-EC7E9BD266B0}.Release|Any CPU.Build.0 = Release|Any CPU
	EndGlobalSection
	GlobalSection(SolutionProperties) = preSolution
		HideSolutionNode = FALSE
	EndGlobalSection
	GlobalSection(ExtensibilityGlobals) = postSolution
		SolutionGuid = {593D69E3-D972-4D82-A623-A83F78D265CF}
	EndGlobalSection
EndGlobal
